
Microsoft Visual Studio Solution File, Format Version 9.00
# Visual Studio 2005
Project("{F184B08F-C81C-45F6-A57F-5ABD9991F28F}") = "NhapXuat_Cty", "NhapXuat_Cty\NhapXuat_Cty.vbproj", "{FC294196-6DD6-45C4-B073-017033EA908F}"
EndProject
Project("{F184B08F-C81C-45F6-A57F-5ABD9991F28F}") = "NhapXuat_DSDoiTac", "XuatDanhSach_DoiTac\NhapXuat_DSDoiTac.vbproj", "{82873141-0FAC-40FD-BDB4-A52D97C712D7}"
EndProject
Project("{F184B08F-C81C-45F6-A57F-5ABD9991F28F}") = "Xuat_DSNhanVienTheoDonVi", "Xuat_DSNhanVienTheoDonVi\Xuat_DSNhanVienTheoDonVi.vbproj", "{674262A8-2270-4AB0-918C-A145C44A130B}"
EndProject
Global
	GlobalSection(SolutionConfigurationPlatforms) = preSolution
		Debug|Any CPU = Debug|Any CPU
		Release|Any CPU = Release|Any CPU
	EndGlobalSection
	GlobalSection(ProjectConfigurationPlatforms) = postSolution
		{FC294196-6DD6-45C4-B073-017033EA908F}.Debug|Any CPU.ActiveCfg = Debug|Any CPU
		{FC294196-6DD6-45C4-B073-017033EA908F}.Debug|Any CPU.Build.0 = Debug|Any CPU
		{FC294196-6DD6-45C4-B073-017033EA908F}.Release|Any CPU.ActiveCfg = Release|Any CPU
		{FC294196-6DD6-45C4-B073-017033EA908F}.Release|Any CPU.Build.0 = Release|Any CPU
		{82873141-0FAC-40FD-BDB4-A52D97C712D7}.Debug|Any CPU.ActiveCfg = Debug|Any CPU
		{82873141-0FAC-40FD-BDB4-A52D97C712D7}.Debug|Any CPU.Build.0 = Debug|Any CPU
		{82873141-0FAC-40FD-BDB4-A52D97C712D7}.Release|Any CPU.ActiveCfg = Release|Any CPU
		{82873141-0FAC-40FD-BDB4-A52D97C712D7}.Release|Any CPU.Build.0 = Release|Any CPU
		{674262A8-2270-4AB0-918C-A145C44A130B}.Debug|Any CPU.ActiveCfg = Debug|Any CPU
		{674262A8-2270-4AB0-918C-A145C44A130B}.Debug|Any CPU.Build.0 = Debug|Any CPU
		{674262A8-2270-4AB0-918C-A145C44A130B}.Release|Any CPU.ActiveCfg = Release|Any CPU
		{674262A8-2270-4AB0-918C-A145C44A130B}.Release|Any CPU.Build.0 = Release|Any CPU
	EndGlobalSection
	GlobalSection(SolutionProperties) = preSolution
		HideSolutionNode = FALSE
	EndGlobalSection
EndGlobal
