
Microsoft Visual Studio Solution File, Format Version 10.00
# Visual Studio 2008
Project("{FAE04EC0-301F-11D3-BF4B-00C04F79EFBC}") = "GUI", "GUI\GUI.csproj", "{91E11A85-E0AE-4BE3-AB4C-794DAD236234}"
EndProject
Project("{FAE04EC0-301F-11D3-BF4B-00C04F79EFBC}") = "BUS", "BUS\BUS.csproj", "{ABC0B368-ED22-4EB0-B2FD-C0829A755CE3}"
EndProject
Project("{FAE04EC0-301F-11D3-BF4B-00C04F79EFBC}") = "DAO", "DAO\DAO.csproj", "{0661E023-7C1D-44B9-9F21-E206A06B92D8}"
EndProject
Project("{FAE04EC0-301F-11D3-BF4B-00C04F79EFBC}") = "DTO", "DTO\DTO.csproj", "{0BAA7134-FE74-41E9-89A3-24A3FDAC8E00}"
EndProject
Global
	GlobalSection(SolutionConfigurationPlatforms) = preSolution
		Debug|Any CPU = Debug|Any CPU
		Release|Any CPU = Release|Any CPU
	EndGlobalSection
	GlobalSection(ProjectConfigurationPlatforms) = postSolution
		{91E11A85-E0AE-4BE3-AB4C-794DAD236234}.Debug|Any CPU.ActiveCfg = Debug|Any CPU
		{91E11A85-E0AE-4BE3-AB4C-794DAD236234}.Debug|Any CPU.Build.0 = Debug|Any CPU
		{91E11A85-E0AE-4BE3-AB4C-794DAD236234}.Release|Any CPU.ActiveCfg = Release|Any CPU
		{91E11A85-E0AE-4BE3-AB4C-794DAD236234}.Release|Any CPU.Build.0 = Release|Any CPU
		{ABC0B368-ED22-4EB0-B2FD-C0829A755CE3}.Debug|Any CPU.ActiveCfg = Debug|Any CPU
		{ABC0B368-ED22-4EB0-B2FD-C0829A755CE3}.Debug|Any CPU.Build.0 = Debug|Any CPU
		{ABC0B368-ED22-4EB0-B2FD-C0829A755CE3}.Release|Any CPU.ActiveCfg = Release|Any CPU
		{ABC0B368-ED22-4EB0-B2FD-C0829A755CE3}.Release|Any CPU.Build.0 = Release|Any CPU
		{0661E023-7C1D-44B9-9F21-E206A06B92D8}.Debug|Any CPU.ActiveCfg = Debug|Any CPU
		{0661E023-7C1D-44B9-9F21-E206A06B92D8}.Debug|Any CPU.Build.0 = Debug|Any CPU
		{0661E023-7C1D-44B9-9F21-E206A06B92D8}.Release|Any CPU.ActiveCfg = Release|Any CPU
		{0661E023-7C1D-44B9-9F21-E206A06B92D8}.Release|Any CPU.Build.0 = Release|Any CPU
		{0BAA7134-FE74-41E9-89A3-24A3FDAC8E00}.Debug|Any CPU.ActiveCfg = Debug|Any CPU
		{0BAA7134-FE74-41E9-89A3-24A3FDAC8E00}.Debug|Any CPU.Build.0 = Debug|Any CPU
		{0BAA7134-FE74-41E9-89A3-24A3FDAC8E00}.Release|Any CPU.ActiveCfg = Release|Any CPU
		{0BAA7134-FE74-41E9-89A3-24A3FDAC8E00}.Release|Any CPU.Build.0 = Release|Any CPU
	EndGlobalSection
	GlobalSection(SolutionProperties) = preSolution
		HideSolutionNode = FALSE
	EndGlobalSection
EndGlobal
